// !$*UTF8*$!
{
	archiveVersion = 1;
	classes = {
	};
	objectVersion = 77;
	objects = {

/* Begin PBXContainerItemProxy section */
		5BFE070A2CC03EE50038D0E6 /* PBXContainerItemProxy */ = {
			isa = PBXContainerItemProxy;
			containerPortal = 5BFE06F12CC03EE30038D0E6 /* Project object */;
			proxyType = 1;
			remoteGlobalIDString = 5BFE06F82CC03EE30038D0E6;
			remoteInfo = TriviaGameDemo;
		};
		5BFE07142CC03EE50038D0E6 /* PBXContainerItemProxy */ = {
			isa = PBXContainerItemProxy;
			containerPortal = 5BFE06F12CC03EE30038D0E6 /* Project object */;
			proxyType = 1;
			remoteGlobalIDString = 5BFE06F82CC03EE30038D0E6;
			remoteInfo = TriviaGameDemo;
		};
/* End PBXContainerItemProxy section */

/* Begin PBXFileReference section */
		5BFE06F92CC03EE30038D0E6 /* TriviaGameDemo.app */ = {isa = PBXFileReference; explicitFileType = wrapper.application; includeInIndex = 0; path = TriviaGameDemo.app; sourceTree = BUILT_PRODUCTS_DIR; };
		5BFE07092CC03EE50038D0E6 /* TriviaGameDemoTests.xctest */ = {isa = PBXFileReference; explicitFileType = wrapper.cfbundle; includeInIndex = 0; path = TriviaGameDemoTests.xctest; sourceTree = BUILT_PRODUCTS_DIR; };
		5BFE07132CC03EE50038D0E6 /* TriviaGameDemoUITests.xctest */ = {isa = PBXFileReference; explicitFileType = wrapper.cfbundle; includeInIndex = 0; path = TriviaGameDemoUITests.xctest; sourceTree = BUILT_PRODUCTS_DIR; };
/* End PBXFileReference section */

/* Begin PBXFileSystemSynchronizedBuildFileExceptionSet section */
		5B57EE4C2CC06C4900D12E2A /* Exceptions for "TriviaGameDemo" folder in "TriviaGameDemo" target */ = {
			isa = PBXFileSystemSynchronizedBuildFileExceptionSet;
			membershipExceptions = (
				Assets.xcassets,
				Components/AnswerRow.swift,
				Components/PrimaryButton.swift,
				Components/ProgressBar.swift,
				Extensions.swift,
				"Preview Content/Preview Assets.xcassets",
				TriviaGameDemoApp.swift,
				TriviaMainManager.swift,
				Views/ContentView.swift,
				Views/QuestionView2.swift,
				Views/TriviaView2.swift,
			);
			target = 5BFE06F82CC03EE30038D0E6 /* TriviaGameDemo */;
		};
		5B57EE522CC06C5F00D12E2A /* Exceptions for "Models" folder in "TriviaGameDemo" target */ = {
			isa = PBXFileSystemSynchronizedBuildFileExceptionSet;
			membershipExceptions = (
				Answer.swift,
				Trivia.swift,
			);
			target = 5BFE06F82CC03EE30038D0E6 /* TriviaGameDemo */;
		};
		5BFE07552CC046D20038D0E6 /* Exceptions for "TriviaGameDemoUITests" folder in "TriviaGameDemoUITests" target */ = {
			isa = PBXFileSystemSynchronizedBuildFileExceptionSet;
			membershipExceptions = (
				TriviaGameDemoUITests.swift,
				TriviaGameDemoUITestsLaunchTests.swift,
			);
			target = 5BFE07122CC03EE50038D0E6 /* TriviaGameDemoUITests */;
		};
/* End PBXFileSystemSynchronizedBuildFileExceptionSet section */

/* Begin PBXFileSystemSynchronizedRootGroup section */
		5B57EE1B2CC06C3F00D12E2A /* Models */ = {
			isa = PBXFileSystemSynchronizedRootGroup;
			exceptions = (
				5B57EE522CC06C5F00D12E2A /* Exceptions for "Models" folder in "TriviaGameDemo" target */,
			);
			path = Models;
			sourceTree = "<group>";
		};
		5B57EE3A2CC06C4900D12E2A /* TriviaGameDemo */ = {
			isa = PBXFileSystemSynchronizedRootGroup;
			exceptions = (
				5B57EE4C2CC06C4900D12E2A /* Exceptions for "TriviaGameDemo" folder in "TriviaGameDemo" target */,
			);
			path = TriviaGameDemo;
			sourceTree = "<group>";
		};
		5BFE070C2CC03EE50038D0E6 /* TriviaGameDemoTests */ = {
			isa = PBXFileSystemSynchronizedRootGroup;
			path = TriviaGameDemoTests;
			sourceTree = "<group>";
		};
		5BFE07512CC046D20038D0E6 /* TriviaGameDemoUITests */ = {
			isa = PBXFileSystemSynchronizedRootGroup;
			exceptions = (
				5BFE07552CC046D20038D0E6 /* Exceptions for "TriviaGameDemoUITests" folder in "TriviaGameDemoUITests" target */,
			);
			path = TriviaGameDemoUITests;
			sourceTree = "<group>";
		};
/* End PBXFileSystemSynchronizedRootGroup section */

/* Begin PBXFrameworksBuildPhase section */
		5BFE06F62CC03EE30038D0E6 /* Frameworks */ = {
			isa = PBXFrameworksBuildPhase;
			buildActionMask = 2147483647;
			files = (
			);
			runOnlyForDeploymentPostprocessing = 0;
		};
		5BFE07062CC03EE50038D0E6 /* Frameworks */ = {
			isa = PBXFrameworksBuildPhase;
			buildActionMask = 2147483647;
			files = (
			);
			runOnlyForDeploymentPostprocessing = 0;
		};
		5BFE07102CC03EE50038D0E6 /* Frameworks */ = {
			isa = PBXFrameworksBuildPhase;
			buildActionMask = 2147483647;
			files = (
			);
			runOnlyForDeploymentPostprocessing = 0;
		};
/* End PBXFrameworksBuildPhase section */

/* Begin PBXGroup section */
		5BFE06F02CC03EE30038D0E6 = {
			isa = PBXGroup;
			children = (
				5B57EE3A2CC06C4900D12E2A /* TriviaGameDemo */,
				5B57EE1B2CC06C3F00D12E2A /* Models */,
				5BFE070C2CC03EE50038D0E6 /* TriviaGameDemoTests */,
				5BFE07512CC046D20038D0E6 /* TriviaGameDemoUITests */,
				5BFE06FA2CC03EE30038D0E6 /* Products */,
			);
			sourceTree = "<group>";
		};
		5BFE06FA2CC03EE30038D0E6 /* Products */ = {
			isa = PBXGroup;
			children = (
				5BFE06F92CC03EE30038D0E6 /* TriviaGameDemo.app */,
				5BFE07092CC03EE50038D0E6 /* TriviaGameDemoTests.xctest */,
				5BFE07132CC03EE50038D0E6 /* TriviaGameDemoUITests.xctest */,
			);
			name = Products;
			sourceTree = "<group>";
		};
/* End PBXGroup section */

/* Begin PBXNativeTarget section */
		5BFE06F82CC03EE30038D0E6 /* TriviaGameDemo */ = {
			isa = PBXNativeTarget;
			buildConfigurationList = 5BFE071D2CC03EE50038D0E6 /* Build configuration list for PBXNativeTarget "TriviaGameDemo" */;
			buildPhases = (
				5BFE06F52CC03EE30038D0E6 /* Sources */,
				5BFE06F62CC03EE30038D0E6 /* Frameworks */,
				5BFE06F72CC03EE30038D0E6 /* Resources */,
			);
			buildRules = (
			);
			dependencies = (
			);
			name = TriviaGameDemo;
			packageProductDependencies = (
			);
			productName = TriviaGameDemo;
			productReference = 5BFE06F92CC03EE30038D0E6 /* TriviaGameDemo.app */;
			productType = "com.apple.product-type.application";
		};
		5BFE07082CC03EE50038D0E6 /* TriviaGameDemoTests */ = {
			isa = PBXNativeTarget;
			buildConfigurationList = 5BFE07202CC03EE50038D0E6 /* Build configuration list for PBXNativeTarget "TriviaGameDemoTests" */;
			buildPhases = (
				5BFE07052CC03EE50038D0E6 /* Sources */,
				5BFE07062CC03EE50038D0E6 /* Frameworks */,
				5BFE07072CC03EE50038D0E6 /* Resources */,
			);
			buildRules = (
			);
			dependencies = (
				5BFE070B2CC03EE50038D0E6 /* PBXTargetDependency */,
			);
			fileSystemSynchronizedGroups = (
				5B57EE1B2CC06C3F00D12E2A /* Models */,
				5B57EE3A2CC06C4900D12E2A /* TriviaGameDemo */,
				5BFE070C2CC03EE50038D0E6 /* TriviaGameDemoTests */,
				5BFE07512CC046D20038D0E6 /* TriviaGameDemoUITests */,
			);
			name = TriviaGameDemoTests;
			packageProductDependencies = (
			);
			productName = TriviaGameDemoTests;
			productReference = 5BFE07092CC03EE50038D0E6 /* TriviaGameDemoTests.xctest */;
			productType = "com.apple.product-type.bundle.unit-test";
		};
		5BFE07122CC03EE50038D0E6 /* TriviaGameDemoUITests */ = {
			isa = PBXNativeTarget;
			buildConfigurationList = 5BFE07232CC03EE50038D0E6 /* Build configuration list for PBXNativeTarget "TriviaGameDemoUITests" */;
			buildPhases = (
				5BFE070F2CC03EE50038D0E6 /* Sources */,
				5BFE07102CC03EE50038D0E6 /* Frameworks */,
				5BFE07112CC03EE50038D0E6 /* Resources */,
			);
			buildRules = (
			);
			dependencies = (
				5BFE07152CC03EE50038D0E6 /* PBXTargetDependency */,
			);
			name = TriviaGameDemoUITests;
			packageProductDependencies = (
			);
			productName = TriviaGameDemoUITests;
			productReference = 5BFE07132CC03EE50038D0E6 /* TriviaGameDemoUITests.xctest */;
			productType = "com.apple.product-type.bundle.ui-testing";
		};
/* End PBXNativeTarget section */

/* Begin PBXProject section */
		5BFE06F12CC03EE30038D0E6 /* Project object */ = {
			isa = PBXProject;
			attributes = {
				BuildIndependentTargetsInParallel = 1;
				LastSwiftUpdateCheck = 1600;
				LastUpgradeCheck = 1600;
				TargetAttributes = {
					5BFE06F82CC03EE30038D0E6 = {
						CreatedOnToolsVersion = 16.0;
					};
					5BFE07082CC03EE50038D0E6 = {
						CreatedOnToolsVersion = 16.0;
						TestTargetID = 5BFE06F82CC03EE30038D0E6;
					};
					5BFE07122CC03EE50038D0E6 = {
						CreatedOnToolsVersion = 16.0;
						TestTargetID = 5BFE06F82CC03EE30038D0E6;
					};
				};
			};
			buildConfigurationList = 5BFE06F42CC03EE30038D0E6 /* Build configuration list for PBXProject "TriviaGameDemo" */;
			developmentRegion = en;
			hasScannedForEncodings = 0;
			knownRegions = (
				en,
				Base,
			);
			mainGroup = 5BFE06F02CC03EE30038D0E6;
			minimizedProjectReferenceProxies = 1;
			preferredProjectObjectVersion = 77;
			productRefGroup = 5BFE06FA2CC03EE30038D0E6 /* Products */;
			projectDirPath = "";
			projectRoot = "";
			targets = (
				5BFE06F82CC03EE30038D0E6 /* TriviaGameDemo */,
				5BFE07082CC03EE50038D0E6 /* TriviaGameDemoTests */,
				5BFE07122CC03EE50038D0E6 /* TriviaGameDemoUITests */,
			);
		};
/* End PBXProject section */

/* Begin PBXResourcesBuildPhase section */
		5BFE06F72CC03EE30038D0E6 /* Resources */ = {
			isa = PBXResourcesBuildPhase;
			buildActionMask = 2147483647;
			files = (
			);
			runOnlyForDeploymentPostprocessing = 0;
		};
		5BFE07072CC03EE50038D0E6 /* Resources */ = {
			isa = PBXResourcesBuildPhase;
			buildActionMask = 2147483647;
			files = (
			);
			runOnlyForDeploymentPostprocessing = 0;
		};
		5BFE07112CC03EE50038D0E6 /* Resources */ = {
			isa = PBXResourcesBuildPhase;
			buildActionMask = 2147483647;
			files = (
			);
			runOnlyForDeploymentPostprocessing = 0;
		};
/* End PBXResourcesBuildPhase section */

/* Begin PBXSourcesBuildPhase section */
		5BFE06F52CC03EE30038D0E6 /* Sources */ = {
			isa = PBXSourcesBuildPhase;
			buildActionMask = 2147483647;
			files = (
			);
			runOnlyForDeploymentPostprocessing = 0;
		};
		5BFE07052CC03EE50038D0E6 /* Sources */ = {
			isa = PBXSourcesBuildPhase;
			buildActionMask = 2147483647;
			files = (
			);
			runOnlyForDeploymentPostprocessing = 0;
		};
		5BFE070F2CC03EE50038D0E6 /* Sources */ = {
			isa = PBXSourcesBuildPhase;
			buildActionMask = 2147483647;
			files = (
			);
			runOnlyForDeploymentPostprocessing = 0;
		};
/* End PBXSourcesBuildPhase section */

/* Begin PBXTargetDependency section */
		5BFE070B2CC03EE50038D0E6 /* PBXTargetDependency */ = {
			isa = PBXTargetDependency;
			target = 5BFE06F82CC03EE30038D0E6 /* TriviaGameDemo */;
			targetProxy = 5BFE070A2CC03EE50038D0E6 /* PBXContainerItemProxy */;
		};
		5BFE07152CC03EE50038D0E6 /* PBXTargetDependency */ = {
			isa = PBXTargetDependency;
			target = 5BFE06F82CC03EE30038D0E6 /* TriviaGameDemo */;
			targetProxy = 5BFE07142CC03EE50038D0E6 /* PBXContainerItemProxy */;
		};
/* End PBXTargetDependency section */

/* Begin XCBuildConfiguration section */
		5BFE071B2CC03EE50038D0E6 /* Debug */ = {
			isa = XCBuildConfiguration;
			buildSettings = {
				ALWAYS_SEARCH_USER_PATHS = NO;
				ASSETCATALOG_COMPILER_GENERATE_SWIFT_ASSET_SYMBOL_EXTENSIONS = YES;
				CLANG_ANALYZER_NONNULL = YES;
				CLANG_ANALYZER_NUMBER_OBJECT_CONVERSION = YES_AGGRESSIVE;
				CLANG_CXX_LANGUAGE_STANDARD = "gnu++20";
				CLANG_ENABLE_MODULES = YES;
				CLANG_ENABLE_OBJC_ARC = YES;
				CLANG_ENABLE_OBJC_WEAK = YES;
				CLANG_WARN_BLOCK_CAPTURE_AUTORELEASING = YES;
				CLANG_WARN_BOOL_CONVERSION = YES;
				CLANG_WARN_COMMA = YES;
				CLANG_WARN_CONSTANT_CONVERSION = YES;
				CLANG_WARN_DEPRECATED_OBJC_IMPLEMENTATIONS = YES;
				CLANG_WARN_DIRECT_OBJC_ISA_USAGE = YES_ERROR;
				CLANG_WARN_DOCUMENTATION_COMMENTS = YES;
				CLANG_WARN_EMPTY_BODY = YES;
				CLANG_WARN_ENUM_CONVERSION = YES;
				CLANG_WARN_INFINITE_RECURSION = YES;
				CLANG_WARN_INT_CONVERSION = YES;
				CLANG_WARN_NON_LITERAL_NULL_CONVERSION = YES;
				CLANG_WARN_OBJC_IMPLICIT_RETAIN_SELF = YES;
				CLANG_WARN_OBJC_LITERAL_CONVERSION = YES;
				CLANG_WARN_OBJC_ROOT_CLASS = YES_ERROR;
				CLANG_WARN_QUOTED_INCLUDE_IN_FRAMEWORK_HEADER = YES;
				CLANG_WARN_RANGE_LOOP_ANALYSIS = YES;
				CLANG_WARN_STRICT_PROTOTYPES = YES;
				CLANG_WARN_SUSPICIOUS_MOVE = YES;
				CLANG_WARN_UNGUARDED_AVAILABILITY = YES_AGGRESSIVE;
				CLANG_WARN_UNREACHABLE_CODE = YES;
				CLANG_WARN__DUPLICATE_METHOD_MATCH = YES;
				COPY_PHASE_STRIP = NO;
				DEBUG_INFORMATION_FORMAT = dwarf;
				ENABLE_STRICT_OBJC_MSGSEND = YES;
				ENABLE_TESTABILITY = YES;
				ENABLE_USER_SCRIPT_SANDBOXING = YES;
				GCC_C_LANGUAGE_STANDARD = gnu17;
				GCC_DYNAMIC_NO_PIC = NO;
				GCC_NO_COMMON_BLOCKS = YES;
				GCC_OPTIMIZATION_LEVEL = 0;
				GCC_PREPROCESSOR_DEFINITIONS = (
					"DEBUG=1",
					"$(inherited)",
				);
				GCC_WARN_64_TO_32_BIT_CONVERSION = YES;
				GCC_WARN_ABOUT_RETURN_TYPE = YES_ERROR;
				GCC_WARN_UNDECLARED_SELECTOR = YES;
				GCC_WARN_UNINITIALIZED_AUTOS = YES_AGGRESSIVE;
				GCC_WARN_UNUSED_FUNCTION = YES;
				GCC_WARN_UNUSED_VARIABLE = YES;
				IPHONEOS_DEPLOYMENT_TARGET = 18.0;
				LOCALIZATION_PREFERS_STRING_CATALOGS = YES;
				MTL_ENABLE_DEBUG_INFO = INCLUDE_SOURCE;
				MTL_FAST_MATH = YES;
				ONLY_ACTIVE_ARCH = YES;
				SDKROOT = iphoneos;
				SWIFT_ACTIVE_COMPILATION_CONDITIONS = "DEBUG $(inherited)";
				SWIFT_OPTIMIZATION_LEVEL = "-Onone";
			};
			name = Debug;
		};
		5BFE071C2CC03EE50038D0E6 /* Release */ = {
			isa = XCBuildConfiguration;
			buildSettings = {
				ALWAYS_SEARCH_USER_PATHS = NO;
				ASSETCATALOG_COMPILER_GENERATE_SWIFT_ASSET_SYMBOL_EXTENSIONS = YES;
				CLANG_ANALYZER_NONNULL = YES;
				CLANG_ANALYZER_NUMBER_OBJECT_CONVERSION = YES_AGGRESSIVE;
				CLANG_CXX_LANGUAGE_STANDARD = "gnu++20";
				CLANG_ENABLE_MODULES = YES;
				CLANG_ENABLE_OBJC_ARC = YES;
				CLANG_ENABLE_OBJC_WEAK = YES;
				CLANG_WARN_BLOCK_CAPTURE_AUTORELEASING = YES;
				CLANG_WARN_BOOL_CONVERSION = YES;
				CLANG_WARN_COMMA = YES;
				CLANG_WARN_CONSTANT_CONVERSION = YES;
				CLANG_WARN_DEPRECATED_OBJC_IMPLEMENTATIONS = YES;
				CLANG_WARN_DIRECT_OBJC_ISA_USAGE = YES_ERROR;
				CLANG_WARN_DOCUMENTATION_COMMENTS = YES;
				CLANG_WARN_EMPTY_BODY = YES;
				CLANG_WARN_ENUM_CONVERSION = YES;
				CLANG_WARN_INFINITE_RECURSION = YES;
				CLANG_WARN_INT_CONVERSION = YES;
				CLANG_WARN_NON_LITERAL_NULL_CONVERSION = YES;
				CLANG_WARN_OBJC_IMPLICIT_RETAIN_SELF = YES;
				CLANG_WARN_OBJC_LITERAL_CONVERSION = YES;
				CLANG_WARN_OBJC_ROOT_CLASS = YES_ERROR;
				CLANG_WARN_QUOTED_INCLUDE_IN_FRAMEWORK_HEADER = YES;
				CLANG_WARN_RANGE_LOOP_ANALYSIS = YES;
				CLANG_WARN_STRICT_PROTOTYPES = YES;
				CLANG_WARN_SUSPICIOUS_MOVE = YES;
				CLANG_WARN_UNGUARDED_AVAILABILITY = YES_AGGRESSIVE;
				CLANG_WARN_UNREACHABLE_CODE = YES;
				CLANG_WARN__DUPLICATE_METHOD_MATCH = YES;
				COPY_PHASE_STRIP = NO;
				DEBUG_INFORMATION_FORMAT = "dwarf-with-dsym";
				ENABLE_NS_ASSERTIONS = NO;
				ENABLE_STRICT_OBJC_MSGSEND = YES;
				ENABLE_USER_SCRIPT_SANDBOXING = YES;
				GCC_C_LANGUAGE_STANDARD = gnu17;
				GCC_NO_COMMON_BLOCKS = YES;
				GCC_WARN_64_TO_32_BIT_CONVERSION = YES;
				GCC_WARN_ABOUT_RETURN_TYPE = YES_ERROR;
				GCC_WARN_UNDECLARED_SELECTOR = YES;
				GCC_WARN_UNINITIALIZED_AUTOS = YES_AGGRESSIVE;
				GCC_WARN_UNUSED_FUNCTION = YES;
				GCC_WARN_UNUSED_VARIABLE = YES;
				IPHONEOS_DEPLOYMENT_TARGET = 18.0;
				LOCALIZATION_PREFERS_STRING_CATALOGS = YES;
				MTL_ENABLE_DEBUG_INFO = NO;
				MTL_FAST_MATH = YES;
				SDKROOT = iphoneos;
				SWIFT_COMPILATION_MODE = wholemodule;
				VALIDATE_PRODUCT = YES;
			};
			name = Release;
		};
		5BFE071E2CC03EE50038D0E6 /* Debug */ = {
			isa = XCBuildConfiguration;
			buildSettings = {
				ASSETCATALOG_COMPILER_APPICON_NAME = AppIcon;
				ASSETCATALOG_COMPILER_GLOBAL_ACCENT_COLOR_NAME = AccentColor;
				CODE_SIGN_STYLE = Automatic;
				CURRENT_PROJECT_VERSION = 1;
				DEVELOPMENT_ASSET_PATHS = "\"TriviaGameDemo/Preview Content\"";
				ENABLE_PREVIEWS = YES;
				GENERATE_INFOPLIST_FILE = YES;
				INFOPLIST_KEY_UIApplicationSceneManifest_Generation = YES;
				INFOPLIST_KEY_UIApplicationSupportsIndirectInputEvents = YES;
				INFOPLIST_KEY_UILaunchScreen_Generation = YES;
				INFOPLIST_KEY_UISupportedInterfaceOrientations_iPad = "UIInterfaceOrientationPortrait UIInterfaceOrientationPortraitUpsideDown UIInterfaceOrientationLandscapeLeft UIInterfaceOrientationLandscapeRight";
				INFOPLIST_KEY_UISupportedInterfaceOrientations_iPhone = "UIInterfaceOrientationPortrait UIInterfaceOrientationLandscapeLeft UIInterfaceOrientationLandscapeRight";
				LD_RUNPATH_SEARCH_PATHS = (
					"$(inherited)",
					"@executable_path/Frameworks",
				);
				MARKETING_VERSION = 1.0;
				PRODUCT_BUNDLE_IDENTIFIER = Bryan.TriviaGameDemo;
				PRODUCT_NAME = "$(TARGET_NAME)";
				SWIFT_EMIT_LOC_STRINGS = YES;
				SWIFT_VERSION = 5.0;
				TARGETED_DEVICE_FAMILY = "1,2";
			};
			name = Debug;
		};
		5BFE071F2CC03EE50038D0E6 /* Release */ = {
			isa = XCBuildConfiguration;
			buildSettings = {
				ASSETCATALOG_COMPILER_APPICON_NAME = AppIcon;
				ASSETCATALOG_COMPILER_GLOBAL_ACCENT_COLOR_NAME = AccentColor;
				CODE_SIGN_STYLE = Automatic;
				CURRENT_PROJECT_VERSION = 1;
				DEVELOPMENT_ASSET_PATHS = "\"TriviaGameDemo/Preview Content\"";
				ENABLE_PREVIEWS = YES;
				GENERATE_INFOPLIST_FILE = YES;
				INFOPLIST_KEY_UIApplicationSceneManifest_Generation = YES;
				INFOPLIST_KEY_UIApplicationSupportsIndirectInputEvents = YES;
				INFOPLIST_KEY_UILaunchScreen_Generation = YES;
				INFOPLIST_KEY_UISupportedInterfaceOrientations_iPad = "UIInterfaceOrientationPortrait UIInterfaceOrientationPortraitUpsideDown UIInterfaceOrientationLandscapeLeft UIInterfaceOrientationLandscapeRight";
				INFOPLIST_KEY_UISupportedInterfaceOrientations_iPhone = "UIInterfaceOrientationPortrait UIInterfaceOrientationLandscapeLeft UIInterfaceOrientationLandscapeRight";
				LD_RUNPATH_SEARCH_PATHS = (
					"$(inherited)",
					"@executable_path/Frameworks",
				);
				MARKETING_VERSION = 1.0;
				PRODUCT_BUNDLE_IDENTIFIER = Bryan.TriviaGameDemo;
				PRODUCT_NAME = "$(TARGET_NAME)";
				SWIFT_EMIT_LOC_STRINGS = YES;
				SWIFT_VERSION = 5.0;
				TARGETED_DEVICE_FAMILY = "1,2";
			};
			name = Release;
		};
		5BFE07212CC03EE50038D0E6 /* Debug */ = {
			isa = XCBuildConfiguration;
			buildSettings = {
				BUNDLE_LOADER = "$(TEST_HOST)";
				CODE_SIGN_STYLE = Automatic;
				CURRENT_PROJECT_VERSION = 1;
				GENERATE_INFOPLIST_FILE = YES;
				IPHONEOS_DEPLOYMENT_TARGET = 18.0;
				MARKETING_VERSION = 1.0;
				PRODUCT_BUNDLE_IDENTIFIER = Bryan.TriviaGameDemoTests;
				PRODUCT_NAME = "$(TARGET_NAME)";
				SWIFT_EMIT_LOC_STRINGS = NO;
				SWIFT_VERSION = 5.0;
				TARGETED_DEVICE_FAMILY = "1,2";
				TEST_HOST = "$(BUILT_PRODUCTS_DIR)/TriviaGameDemo.app/$(BUNDLE_EXECUTABLE_FOLDER_PATH)/TriviaGameDemo";
			};
			name = Debug;
		};
		5BFE07222CC03EE50038D0E6 /* Release */ = {
			isa = XCBuildConfiguration;
			buildSettings = {
				BUNDLE_LOADER = "$(TEST_HOST)";
				CODE_SIGN_STYLE = Automatic;
				CURRENT_PROJECT_VERSION = 1;
				GENERATE_INFOPLIST_FILE = YES;
				IPHONEOS_DEPLOYMENT_TARGET = 18.0;
				MARKETING_VERSION = 1.0;
				PRODUCT_BUNDLE_IDENTIFIER = Bryan.TriviaGameDemoTests;
				PRODUCT_NAME = "$(TARGET_NAME)";
				SWIFT_EMIT_LOC_STRINGS = NO;
				SWIFT_VERSION = 5.0;
				TARGETED_DEVICE_FAMILY = "1,2";
				TEST_HOST = "$(BUILT_PRODUCTS_DIR)/TriviaGameDemo.app/$(BUNDLE_EXECUTABLE_FOLDER_PATH)/TriviaGameDemo";
			};
			name = Release;
		};
		5BFE07242CC03EE50038D0E6 /* Debug */ = {
			isa = XCBuildConfiguration;
			buildSettings = {
				CODE_SIGN_STYLE = Automatic;
				CURRENT_PROJECT_VERSION = 1;
				GENERATE_INFOPLIST_FILE = YES;
				MARKETING_VERSION = 1.0;
				PRODUCT_BUNDLE_IDENTIFIER = Bryan.TriviaGameDemoUITests;
				PRODUCT_NAME = "$(TARGET_NAME)";
				SWIFT_EMIT_LOC_STRINGS = NO;
				SWIFT_VERSION = 5.0;
				TARGETED_DEVICE_FAMILY = "1,2";
				TEST_TARGET_NAME = TriviaGameDemo;
			};
			name = Debug;
		};
		5BFE07252CC03EE50038D0E6 /* Release */ = {
			isa = XCBuildConfiguration;
			buildSettings = {
				CODE_SIGN_STYLE = Automatic;
				CURRENT_PROJECT_VERSION = 1;
				GENERATE_INFOPLIST_FILE = YES;
				MARKETING_VERSION = 1.0;
				PRODUCT_BUNDLE_IDENTIFIER = Bryan.TriviaGameDemoUITests;
				PRODUCT_NAME = "$(TARGET_NAME)";
				SWIFT_EMIT_LOC_STRINGS = NO;
				SWIFT_VERSION = 5.0;
				TARGETED_DEVICE_FAMILY = "1,2";
				TEST_TARGET_NAME = TriviaGameDemo;
			};
			name = Release;
		};
/* End XCBuildConfiguration section */

/* Begin XCConfigurationList section */
		5BFE06F42CC03EE30038D0E6 /* Build configuration list for PBXProject "TriviaGameDemo" */ = {
			isa = XCConfigurationList;
			buildConfigurations = (
				5BFE071B2CC03EE50038D0E6 /* Debug */,
				5BFE071C2CC03EE50038D0E6 /* Release */,
			);
			defaultConfigurationIsVisible = 0;
			defaultConfigurationName = Release;
		};
		5BFE071D2CC03EE50038D0E6 /* Build configuration list for PBXNativeTarget "TriviaGameDemo" */ = {
			isa = XCConfigurationList;
			buildConfigurations = (
				5BFE071E2CC03EE50038D0E6 /* Debug */,
				5BFE071F2CC03EE50038D0E6 /* Release */,
			);
			defaultConfigurationIsVisible = 0;
			defaultConfigurationName = Release;
		};
		5BFE07202CC03EE50038D0E6 /* Build configuration list for PBXNativeTarget "TriviaGameDemoTests" */ = {
			isa = XCConfigurationList;
			buildConfigurations = (
				5BFE07212CC03EE50038D0E6 /* Debug */,
				5BFE07222CC03EE50038D0E6 /* Release */,
			);
			defaultConfigurationIsVisible = 0;
			defaultConfigurationName = Release;
		};
		5BFE07232CC03EE50038D0E6 /* Build configuration list for PBXNativeTarget "TriviaGameDemoUITests" */ = {
			isa = XCConfigurationList;
			buildConfigurations = (
				5BFE07242CC03EE50038D0E6 /* Debug */,
				5BFE07252CC03EE50038D0E6 /* Release */,
			);
			defaultConfigurationIsVisible = 0;
			defaultConfigurationName = Release;
		};
/* End XCConfigurationList section */
	};
	rootObject = 5BFE06F12CC03EE30038D0E6 /* Project object */;
}
